// !$*UTF8*$!
{
	archiveVersion = 1;
	classes = {
	};
	objectVersion = 50;
	objects = {

/* Begin PBXBuildFile section */
		4C288668216EE37200C1F113 /* AppDelegate.swift in Sources */ = {isa = PBXBuildFile; fileRef = 4C288667216EE37200C1F113 /* AppDelegate.swift */; };
		4C28866D216EE37200C1F113 /* Main.storyboard in Resources */ = {isa = PBXBuildFile; fileRef = 4C28866B216EE37200C1F113 /* Main.storyboard */; };
		4C288670216EE37200C1F113 /* Photos.xcdatamodeld in Sources */ = {isa = PBXBuildFile; fileRef = 4C28866E216EE37200C1F113 /* Photos.xcdatamodeld */; };
		4C288672216EE37300C1F113 /* Assets.xcassets in Resources */ = {isa = PBXBuildFile; fileRef = 4C288671216EE37300C1F113 /* Assets.xcassets */; };
		4C288675216EE37300C1F113 /* LaunchScreen.storyboard in Resources */ = {isa = PBXBuildFile; fileRef = 4C288673216EE37300C1F113 /* LaunchScreen.storyboard */; };
		4C288680216EE37300C1F113 /* PhotosUITests.swift in Sources */ = {isa = PBXBuildFile; fileRef = 4C28867F216EE37300C1F113 /* PhotosUITests.swift */; };
		4C28868B216EE49100C1F113 /* PhotosViewController.swift in Sources */ = {isa = PBXBuildFile; fileRef = 4C28868A216EE49100C1F113 /* PhotosViewController.swift */; };
		4C2886C021781CE400C1F113 /* PhotosTableViewController.swift in Sources */ = {isa = PBXBuildFile; fileRef = 4C2886BF21781CE400C1F113 /* PhotosTableViewController.swift */; };
		4C2886D0217984C800C1F113 /* PhotosTableViewCell.swift in Sources */ = {isa = PBXBuildFile; fileRef = 4C2886CF217984C800C1F113 /* PhotosTableViewCell.swift */; };
/* End PBXBuildFile section */

/* Begin PBXContainerItemProxy section */
		4C28867C216EE37300C1F113 /* PBXContainerItemProxy */ = {
			isa = PBXContainerItemProxy;
			containerPortal = 4C28865C216EE37200C1F113 /* Project object */;
			proxyType = 1;
			remoteGlobalIDString = 4C288663216EE37200C1F113;
			remoteInfo = Photos;
		};
/* End PBXContainerItemProxy section */

/* Begin PBXFileReference section */
		4C288664216EE37200C1F113 /* Photos.app */ = {isa = PBXFileReference; explicitFileType = wrapper.application; includeInIndex = 0; path = Photos.app; sourceTree = BUILT_PRODUCTS_DIR; };
		4C288667216EE37200C1F113 /* AppDelegate.swift */ = {isa = PBXFileReference; lastKnownFileType = sourcecode.swift; path = AppDelegate.swift; sourceTree = "<group>"; };
		4C28866C216EE37200C1F113 /* Base */ = {isa = PBXFileReference; lastKnownFileType = file.storyboard; name = Base; path = Base.lproj/Main.storyboard; sourceTree = "<group>"; };
		4C28866F216EE37200C1F113 /* Photos.xcdatamodel */ = {isa = PBXFileReference; lastKnownFileType = wrapper.xcdatamodel; path = Photos.xcdatamodel; sourceTree = "<group>"; };
		4C288671216EE37300C1F113 /* Assets.xcassets */ = {isa = PBXFileReference; lastKnownFileType = folder.assetcatalog; path = Assets.xcassets; sourceTree = "<group>"; };
		4C288674216EE37300C1F113 /* Base */ = {isa = PBXFileReference; lastKnownFileType = file.storyboard; name = Base; path = Base.lproj/LaunchScreen.storyboard; sourceTree = "<group>"; };
		4C288676216EE37300C1F113 /* Info.plist */ = {isa = PBXFileReference; lastKnownFileType = text.plist.xml; path = Info.plist; sourceTree = "<group>"; };
		4C28867B216EE37300C1F113 /* PhotosUITests.xctest */ = {isa = PBXFileReference; explicitFileType = wrapper.cfbundle; includeInIndex = 0; path = PhotosUITests.xctest; sourceTree = BUILT_PRODUCTS_DIR; };
		4C28867F216EE37300C1F113 /* PhotosUITests.swift */ = {isa = PBXFileReference; lastKnownFileType = sourcecode.swift; path = PhotosUITests.swift; sourceTree = "<group>"; };
		4C288681216EE37300C1F113 /* Info.plist */ = {isa = PBXFileReference; lastKnownFileType = text.plist.xml; path = Info.plist; sourceTree = "<group>"; };
		4C28868A216EE49100C1F113 /* PhotosViewController.swift */ = {isa = PBXFileReference; lastKnownFileType = sourcecode.swift; path = PhotosViewController.swift; sourceTree = "<group>"; };
		4C2886BF21781CE400C1F113 /* PhotosTableViewController.swift */ = {isa = PBXFileReference; lastKnownFileType = sourcecode.swift; path = PhotosTableViewController.swift; sourceTree = "<group>"; };
		4C2886CF217984C800C1F113 /* PhotosTableViewCell.swift */ = {isa = PBXFileReference; lastKnownFileType = sourcecode.swift; path = PhotosTableViewCell.swift; sourceTree = "<group>"; };
/* End PBXFileReference section */

/* Begin PBXFrameworksBuildPhase section */
		4C288661216EE37200C1F113 /* Frameworks */ = {
			isa = PBXFrameworksBuildPhase;
			buildActionMask = 2147483647;
			files = (
			);
			runOnlyForDeploymentPostprocessing = 0;
		};
		4C288678216EE37300C1F113 /* Frameworks */ = {
			isa = PBXFrameworksBuildPhase;
			buildActionMask = 2147483647;
			files = (
			);
			runOnlyForDeploymentPostprocessing = 0;
		};
/* End PBXFrameworksBuildPhase section */

/* Begin PBXGroup section */
		4C28865B216EE37200C1F113 = {
			isa = PBXGroup;
			children = (
				4C288666216EE37200C1F113 /* Photos */,
				4C28867E216EE37300C1F113 /* PhotosUITests */,
				4C288665216EE37200C1F113 /* Products */,
			);
			sourceTree = "<group>";
		};
		4C288665216EE37200C1F113 /* Products */ = {
			isa = PBXGroup;
			children = (
				4C288664216EE37200C1F113 /* Photos.app */,
				4C28867B216EE37300C1F113 /* PhotosUITests.xctest */,
			);
			name = Products;
			sourceTree = "<group>";
		};
		4C288666216EE37200C1F113 /* Photos */ = {
			isa = PBXGroup;
			children = (
				4C288667216EE37200C1F113 /* AppDelegate.swift */,
				4C2886CF217984C800C1F113 /* PhotosTableViewCell.swift */,
				4C2886BF21781CE400C1F113 /* PhotosTableViewController.swift */,
				4C28868A216EE49100C1F113 /* PhotosViewController.swift */,
				4C28866B216EE37200C1F113 /* Main.storyboard */,
				4C288671216EE37300C1F113 /* Assets.xcassets */,
				4C288673216EE37300C1F113 /* LaunchScreen.storyboard */,
				4C288676216EE37300C1F113 /* Info.plist */,
				4C28866E216EE37200C1F113 /* Photos.xcdatamodeld */,
			);
			path = Photos;
			sourceTree = "<group>";
		};
		4C28867E216EE37300C1F113 /* PhotosUITests */ = {
			isa = PBXGroup;
			children = (
				4C28867F216EE37300C1F113 /* PhotosUITests.swift */,
				4C288681216EE37300C1F113 /* Info.plist */,
			);
			path = PhotosUITests;
			sourceTree = "<group>";
		};
/* End PBXGroup section */

/* Begin PBXNativeTarget section */
		4C288663216EE37200C1F113 /* Photos */ = {
			isa = PBXNativeTarget;
			buildConfigurationList = 4C288684216EE37300C1F113 /* Build configuration list for PBXNativeTarget "Photos" */;
			buildPhases = (
				4C288660216EE37200C1F113 /* Sources */,
				4C288661216EE37200C1F113 /* Frameworks */,
				4C288662216EE37200C1F113 /* Resources */,
			);
			buildRules = (
			);
			dependencies = (
			);
			name = Photos;
			productName = Photos;
			productReference = 4C288664216EE37200C1F113 /* Photos.app */;
			productType = "com.apple.product-type.application";
		};
		4C28867A216EE37300C1F113 /* PhotosUITests */ = {
			isa = PBXNativeTarget;
			buildConfigurationList = 4C288687216EE37300C1F113 /* Build configuration list for PBXNativeTarget "PhotosUITests" */;
			buildPhases = (
				4C288677216EE37300C1F113 /* Sources */,
				4C288678216EE37300C1F113 /* Frameworks */,
				4C288679216EE37300C1F113 /* Resources */,
			);
			buildRules = (
			);
			dependencies = (
				4C28867D216EE37300C1F113 /* PBXTargetDependency */,
			);
			name = PhotosUITests;
			productName = PhotosUITests;
			productReference = 4C28867B216EE37300C1F113 /* PhotosUITests.xctest */;
			productType = "com.apple.product-type.bundle.ui-testing";
		};
/* End PBXNativeTarget section */

/* Begin PBXProject section */
		4C28865C216EE37200C1F113 /* Project object */ = {
			isa = PBXProject;
			attributes = {
				LastSwiftUpdateCheck = 0940;
				LastUpgradeCheck = 0940;
				ORGANIZATIONNAME = "Jessica Sellers";
				TargetAttributes = {
					4C288663216EE37200C1F113 = {
						CreatedOnToolsVersion = 9.4.1;
					};
					4C28867A216EE37300C1F113 = {
						CreatedOnToolsVersion = 9.4.1;
						TestTargetID = 4C288663216EE37200C1F113;
					};
				};
			};
			buildConfigurationList = 4C28865F216EE37200C1F113 /* Build configuration list for PBXProject "Photos" */;
			compatibilityVersion = "Xcode 9.3";
			developmentRegion = en;
			hasScannedForEncodings = 0;
			knownRegions = (
				en,
				Base,
			);
			mainGroup = 4C28865B216EE37200C1F113;
			productRefGroup = 4C288665216EE37200C1F113 /* Products */;
			projectDirPath = "";
			projectRoot = "";
			targets = (
				4C288663216EE37200C1F113 /* Photos */,
				4C28867A216EE37300C1F113 /* PhotosUITests */,
			);
		};
/* End PBXProject section */

/* Begin PBXResourcesBuildPhase section */
		4C288662216EE37200C1F113 /* Resources */ = {
			isa = PBXResourcesBuildPhase;
			buildActionMask = 2147483647;
			files = (
				4C288675216EE37300C1F113 /* LaunchScreen.storyboard in Resources */,
				4C288672216EE37300C1F113 /* Assets.xcassets in Resources */,
				4C28866D216EE37200C1F113 /* Main.storyboard in Resources */,
			);
			runOnlyForDeploymentPostprocessing = 0;
		};
		4C288679216EE37300C1F113 /* Resources */ = {
			isa = PBXResourcesBuildPhase;
			buildActionMask = 2147483647;
			files = (
			);
			runOnlyForDeploymentPostprocessing = 0;
		};
/* End PBXResourcesBuildPhase section */

/* Begin PBXSourcesBuildPhase section */
		4C288660216EE37200C1F113 /* Sources */ = {
			isa = PBXSourcesBuildPhase;
			buildActionMask = 2147483647;
			files = (
				4C2886D0217984C800C1F113 /* PhotosTableViewCell.swift in Sources */,
				4C28868B216EE49100C1F113 /* PhotosViewController.swift in Sources */,
				4C288670216EE37200C1F113 /* Photos.xcdatamodeld in Sources */,
				4C2886C021781CE400C1F113 /* PhotosTableViewController.swift in Sources */,
				4C288668216EE37200C1F113 /* AppDelegate.swift in Sources */,
			);
			runOnlyForDeploymentPostprocessing = 0;
		};
		4C288677216EE37300C1F113 /* Sources */ = {
			isa = PBXSourcesBuildPhase;
			buildActionMask = 2147483647;
			files = (
				4C288680216EE37300C1F113 /* PhotosUITests.swift in Sources */,
			);
			runOnlyForDeploymentPostprocessing = 0;
		};
/* End PBXSourcesBuildPhase section */

/* Begin PBXTargetDependency section */
		4C28867D216EE37300C1F113 /* PBXTargetDependency */ = {
			isa = PBXTargetDependency;
			target = 4C288663216EE37200C1F113 /* Photos */;
			targetProxy = 4C28867C216EE37300C1F113 /* PBXContainerItemProxy */;
		};
/* End PBXTargetDependency section */

/* Begin PBXVariantGroup section */
		4C28866B216EE37200C1F113 /* Main.storyboard */ = {
			isa = PBXVariantGroup;
			children = (
				4C28866C216EE37200C1F113 /* Base */,
			);
			name = Main.storyboard;
			sourceTree = "<group>";
		};
		4C288673216EE37300C1F113 /* LaunchScreen.storyboard */ = {
			isa = PBXVariantGroup;
			children = (
				4C288674216EE37300C1F113 /* Base */,
			);
			name = LaunchScreen.storyboard;
			sourceTree = "<group>";
		};
/* End PBXVariantGroup section */

/* Begin XCBuildConfiguration section */
		4C288682216EE37300C1F113 /* Debug */ = {
			isa = XCBuildConfiguration;
			buildSettings = {
				ALWAYS_SEARCH_USER_PATHS = NO;
				CLANG_ANALYZER_NONNULL = YES;
				CLANG_ANALYZER_NUMBER_OBJECT_CONVERSION = YES_AGGRESSIVE;
				CLANG_CXX_LANGUAGE_STANDARD = "gnu++14";
				CLANG_CXX_LIBRARY = "libc++";
				CLANG_ENABLE_MODULES = YES;
				CLANG_ENABLE_OBJC_ARC = YES;
				CLANG_ENABLE_OBJC_WEAK = YES;
				CLANG_WARN_BLOCK_CAPTURE_AUTORELEASING = YES;
				CLANG_WARN_BOOL_CONVERSION = YES;
				CLANG_WARN_COMMA = YES;
				CLANG_WARN_CONSTANT_CONVERSION = YES;
				CLANG_WARN_DEPRECATED_OBJC_IMPLEMENTATIONS = YES;
				CLANG_WARN_DIRECT_OBJC_ISA_USAGE = YES_ERROR;
				CLANG_WARN_DOCUMENTATION_COMMENTS = YES;
				CLANG_WARN_EMPTY_BODY = YES;
				CLANG_WARN_ENUM_CONVERSION = YES;
				CLANG_WARN_INFINITE_RECURSION = YES;
				CLANG_WARN_INT_CONVERSION = YES;
				CLANG_WARN_NON_LITERAL_NULL_CONVERSION = YES;
				CLANG_WARN_OBJC_IMPLICIT_RETAIN_SELF = YES;
				CLANG_WARN_OBJC_LITERAL_CONVERSION = YES;
				CLANG_WARN_OBJC_ROOT_CLASS = YES_ERROR;
				CLANG_WARN_RANGE_LOOP_ANALYSIS = YES;
				CLANG_WARN_STRICT_PROTOTYPES = YES;
				CLANG_WARN_SUSPICIOUS_MOVE = YES;
				CLANG_WARN_UNGUARDED_AVAILABILITY = YES_AGGRESSIVE;
				CLANG_WARN_UNREACHABLE_CODE = YES;
				CLANG_WARN__DUPLICATE_METHOD_MATCH = YES;
				CODE_SIGN_IDENTITY = "iPhone Developer";
				COPY_PHASE_STRIP = NO;
				DEBUG_INFORMATION_FORMAT = dwarf;
				ENABLE_STRICT_OBJC_MSGSEND = YES;
				ENABLE_TESTABILITY = YES;
				GCC_C_LANGUAGE_STANDARD = gnu11;
				GCC_DYNAMIC_NO_PIC = NO;
				GCC_NO_COMMON_BLOCKS = YES;
				GCC_OPTIMIZATION_LEVEL = 0;
				GCC_PREPROCESSOR_DEFINITIONS = (
					"DEBUG=1",
					"$(inherited)",
				);
				GCC_WARN_64_TO_32_BIT_CONVERSION = YES;
				GCC_WARN_ABOUT_RETURN_TYPE = YES_ERROR;
				GCC_WARN_UNDECLARED_SELECTOR = YES;
				GCC_WARN_UNINITIALIZED_AUTOS = YES_AGGRESSIVE;
				GCC_WARN_UNUSED_FUNCTION = YES;
				GCC_WARN_UNUSED_VARIABLE = YES;
				IPHONEOS_DEPLOYMENT_TARGET = 11.4;
				MTL_ENABLE_DEBUG_INFO = YES;
				ONLY_ACTIVE_ARCH = YES;
				SDKROOT = iphoneos;
				SWIFT_ACTIVE_COMPILATION_CONDITIONS = DEBUG;
				SWIFT_OPTIMIZATION_LEVEL = "-Onone";
			};
			name = Debug;
		};
		4C288683216EE37300C1F113 /* Release */ = {
			isa = XCBuildConfiguration;
			buildSettings = {
				ALWAYS_SEARCH_USER_PATHS = NO;
				CLANG_ANALYZER_NONNULL = YES;
				CLANG_ANALYZER_NUMBER_OBJECT_CONVERSION = YES_AGGRESSIVE;
				CLANG_CXX_LANGUAGE_STANDARD = "gnu++14";
				CLANG_CXX_LIBRARY = "libc++";
				CLANG_ENABLE_MODULES = YES;
				CLANG_ENABLE_OBJC_ARC = YES;
				CLANG_ENABLE_OBJC_WEAK = YES;
				CLANG_WARN_BLOCK_CAPTURE_AUTORELEASING = YES;
				CLANG_WARN_BOOL_CONVERSION = YES;
				CLANG_WARN_COMMA = YES;
				CLANG_WARN_CONSTANT_CONVERSION = YES;
				CLANG_WARN_DEPRECATED_OBJC_IMPLEMENTATIONS = YES;
				CLANG_WARN_DIRECT_OBJC_ISA_USAGE = YES_ERROR;
				CLANG_WARN_DOCUMENTATION_COMMENTS = YES;
				CLANG_WARN_EMPTY_BODY = YES;
				CLANG_WARN_ENUM_CONVERSION = YES;
				CLANG_WARN_INFINITE_RECURSION = YES;
				CLANG_WARN_INT_CONVERSION = YES;
				CLANG_WARN_NON_LITERAL_NULL_CONVERSION = YES;
				CLANG_WARN_OBJC_IMPLICIT_RETAIN_SELF = YES;
				CLANG_WARN_OBJC_LITERAL_CONVERSION = YES;
				CLANG_WARN_OBJC_ROOT_CLASS = YES_ERROR;
				CLANG_WARN_RANGE_LOOP_ANALYSIS = YES;
				CLANG_WARN_STRICT_PROTOTYPES = YES;
				CLANG_WARN_SUSPICIOUS_MOVE = YES;
				CLANG_WARN_UNGUARDED_AVAILABILITY = YES_AGGRESSIVE;
				CLANG_WARN_UNREACHABLE_CODE = YES;
				CLANG_WARN__DUPLICATE_METHOD_MATCH = YES;
				CODE_SIGN_IDENTITY = "iPhone Developer";
				COPY_PHASE_STRIP = NO;
				DEBUG_INFORMATION_FORMAT = "dwarf-with-dsym";
				ENABLE_NS_ASSERTIONS = NO;
				ENABLE_STRICT_OBJC_MSGSEND = YES;
				GCC_C_LANGUAGE_STANDARD = gnu11;
				GCC_NO_COMMON_BLOCKS = YES;
				GCC_WARN_64_TO_32_BIT_CONVERSION = YES;
				GCC_WARN_ABOUT_RETURN_TYPE = YES_ERROR;
				GCC_WARN_UNDECLARED_SELECTOR = YES;
				GCC_WARN_UNINITIALIZED_AUTOS = YES_AGGRESSIVE;
				GCC_WARN_UNUSED_FUNCTION = YES;
				GCC_WARN_UNUSED_VARIABLE = YES;
				IPHONEOS_DEPLOYMENT_TARGET = 11.4;
				MTL_ENABLE_DEBUG_INFO = NO;
				SDKROOT = iphoneos;
				SWIFT_COMPILATION_MODE = wholemodule;
				SWIFT_OPTIMIZATION_LEVEL = "-O";
				VALIDATE_PRODUCT = YES;
			};
			name = Release;
		};
		4C288685216EE37300C1F113 /* Debug */ = {
			isa = XCBuildConfiguration;
			buildSettings = {
				ASSETCATALOG_COMPILER_APPICON_NAME = AppIcon;
				CODE_SIGN_STYLE = Automatic;
				DEVELOPMENT_TEAM = AZ8X37G44S;
				INFOPLIST_FILE = Photos/Info.plist;
				LD_RUNPATH_SEARCH_PATHS = (
					"$(inherited)",
					"@executable_path/Frameworks",
				);
				PRODUCT_BUNDLE_IDENTIFIER = jswx5.Photos;
				PRODUCT_NAME = "$(TARGET_NAME)";
				SWIFT_VERSION = 4.0;
				TARGETED_DEVICE_FAMILY = "1,2";
			};
			name = Debug;
		};
		4C288686216EE37300C1F113 /* Release */ = {
			isa = XCBuildConfiguration;
			buildSettings = {
				ASSETCATALOG_COMPILER_APPICON_NAME = AppIcon;
				CODE_SIGN_STYLE = Automatic;
				DEVELOPMENT_TEAM = AZ8X37G44S;
				INFOPLIST_FILE = Photos/Info.plist;
				LD_RUNPATH_SEARCH_PATHS = (
					"$(inherited)",
					"@executable_path/Frameworks",
				);
				PRODUCT_BUNDLE_IDENTIFIER = jswx5.Photos;
				PRODUCT_NAME = "$(TARGET_NAME)";
				SWIFT_VERSION = 4.0;
				TARGETED_DEVICE_FAMILY = "1,2";
			};
			name = Release;
		};
		4C288688216EE37300C1F113 /* Debug */ = {
			isa = XCBuildConfiguration;
			buildSettings = {
				ALWAYS_EMBED_SWIFT_STANDARD_LIBRARIES = YES;
				CODE_SIGN_STYLE = Automatic;
				DEVELOPMENT_TEAM = AZ8X37G44S;
				INFOPLIST_FILE = PhotosUITests/Info.plist;
				LD_RUNPATH_SEARCH_PATHS = (
					"$(inherited)",
					"@executable_path/Frameworks",
					"@loader_path/Frameworks",
				);
				PRODUCT_BUNDLE_IDENTIFIER = jswx5.PhotosUITests;
				PRODUCT_NAME = "$(TARGET_NAME)";
				SWIFT_VERSION = 4.0;
				TARGETED_DEVICE_FAMILY = "1,2";
				TEST_TARGET_NAME = Photos;
			};
			name = Debug;
		};
		4C288689216EE37300C1F113 /* Release */ = {
			isa = XCBuildConfiguration;
			buildSettings = {
				ALWAYS_EMBED_SWIFT_STANDARD_LIBRARIES = YES;
				CODE_SIGN_STYLE = Automatic;
				DEVELOPMENT_TEAM = AZ8X37G44S;
				INFOPLIST_FILE = PhotosUITests/Info.plist;
				LD_RUNPATH_SEARCH_PATHS = (
					"$(inherited)",
					"@executable_path/Frameworks",
					"@loader_path/Frameworks",
				);
				PRODUCT_BUNDLE_IDENTIFIER = jswx5.PhotosUITests;
				PRODUCT_NAME = "$(TARGET_NAME)";
				SWIFT_VERSION = 4.0;
				TARGETED_DEVICE_FAMILY = "1,2";
				TEST_TARGET_NAME = Photos;
			};
			name = Release;
		};
/* End XCBuildConfiguration section */

/* Begin XCConfigurationList section */
		4C28865F216EE37200C1F113 /* Build configuration list for PBXProject "Photos" */ = {
			isa = XCConfigurationList;
			buildConfigurations = (
				4C288682216EE37300C1F113 /* Debug */,
				4C288683216EE37300C1F113 /* Release */,
			);
			defaultConfigurationIsVisible = 0;
			defaultConfigurationName = Release;
		};
		4C288684216EE37300C1F113 /* Build configuration list for PBXNativeTarget "Photos" */ = {
			isa = XCConfigurationList;
			buildConfigurations = (
				4C288685216EE37300C1F113 /* Debug */,
				4C288686216EE37300C1F113 /* Release */,
			);
			defaultConfigurationIsVisible = 0;
			defaultConfigurationName = Release;
		};
		4C288687216EE37300C1F113 /* Build configuration list for PBXNativeTarget "PhotosUITests" */ = {
			isa = XCConfigurationList;
			buildConfigurations = (
				4C288688216EE37300C1F113 /* Debug */,
				4C288689216EE37300C1F113 /* Release */,
			);
			defaultConfigurationIsVisible = 0;
			defaultConfigurationName = Release;
		};
/* End XCConfigurationList section */

/* Begin XCVersionGroup section */
		4C28866E216EE37200C1F113 /* Photos.xcdatamodeld */ = {
			isa = XCVersionGroup;
			children = (
				4C28866F216EE37200C1F113 /* Photos.xcdatamodel */,
			);
			currentVersion = 4C28866F216EE37200C1F113 /* Photos.xcdatamodel */;
			path = Photos.xcdatamodeld;
			sourceTree = "<group>";
			versionGroupType = wrapper.xcdatamodel;
		};
/* End XCVersionGroup section */
	};
	rootObject = 4C28865C216EE37200C1F113 /* Project object */;
}
